
Microsoft Visual Studio Solution File, Format Version 12.00
# Visual Studio Version 17
VisualStudioVersion = 17.3.32825.248
MinimumVisualStudioVersion = 10.0.40219.1
Project("{FAE04EC0-301F-11D3-BF4B-00C04F79EFBC}") = "TicTacToe", "TicTacToe\TicTacToe.csproj", "{128817FA-0EB3-4C08-B57F-EE6FF2332DAA}"
EndProject
Global
	GlobalSection(SolutionConfigurationPlatforms) = preSolution
		Debug|Any CPU = Debug|Any CPU
		Release|Any CPU = Release|Any CPU
	EndGlobalSection
	GlobalSection(ProjectConfigurationPlatforms) = postSolution
		{128817FA-0EB3-4C08-B57F-EE6FF2332DAA}.Debug|Any CPU.ActiveCfg = Debug|Any CPU
		{128817FA-0EB3-4C08-B57F-EE6FF2332DAA}.Debug|Any CPU.Build.0 = Debug|Any CPU
		{128817FA-0EB3-4C08-B57F-EE6FF2332DAA}.Release|Any CPU.ActiveCfg = Release|Any CPU
		{128817FA-0EB3-4C08-B57F-EE6FF2332DAA}.Release|Any CPU.Build.0 = Release|Any CPU
	EndGlobalSection
	GlobalSection(SolutionProperties) = preSolution
		HideSolutionNode = FALSE
	EndGlobalSection
	GlobalSection(ExtensibilityGlobals) = postSolution
		SolutionGuid = {AAF09BE6-FE12-483B-9A31-8235DBD6AC55}
	EndGlobalSection
EndGlobal
